
Microsoft Visual Studio Solution File, Format Version 12.00
# Visual Studio Version 17
VisualStudioVersion = 17.8.34330.188
MinimumVisualStudioVersion = 10.0.40219.1
Project("{8BC9CEB8-8B4A-11D0-8D11-00A0C91BC942}") = "Vocabulary", "Vocabulary.vcxproj", "{52BE1B6F-3225-460C-AD72-DD255B339965}"
EndProject
Global
	GlobalSection(SolutionConfigurationPlatforms) = preSolution
		Debug|x64 = Debug|x64
		Debug|x86 = Debug|x86
		Release|x64 = Release|x64
		Release|x86 = Release|x86
	EndGlobalSection
	GlobalSection(ProjectConfigurationPlatforms) = postSolution
		{52BE1B6F-3225-460C-AD72-DD255B339965}.Debug|x64.ActiveCfg = Debug|x64
		{52BE1B6F-3225-460C-AD72-DD255B339965}.Debug|x64.Build.0 = Debug|x64
		{52BE1B6F-3225-460C-AD72-DD255B339965}.Debug|x86.ActiveCfg = Debug|Win32
		{52BE1B6F-3225-460C-AD72-DD255B339965}.Debug|x86.Build.0 = Debug|Win32
		{52BE1B6F-3225-460C-AD72-DD255B339965}.Release|x64.ActiveCfg = Release|x64
		{52BE1B6F-3225-460C-AD72-DD255B339965}.Release|x64.Build.0 = Release|x64
		{52BE1B6F-3225-460C-AD72-DD255B339965}.Release|x86.ActiveCfg = Release|Win32
		{52BE1B6F-3225-460C-AD72-DD255B339965}.Release|x86.Build.0 = Release|Win32
	EndGlobalSection
	GlobalSection(SolutionProperties) = preSolution
		HideSolutionNode = FALSE
	EndGlobalSection
	GlobalSection(ExtensibilityGlobals) = postSolution
		SolutionGuid = {5A3B9617-7246-4045-A22C-EA3516F7DF7A}
	EndGlobalSection
EndGlobal
